
Microsoft Visual Studio Solution File, Format Version 12.00
# Visual Studio Version 16
VisualStudioVersion = 16.0.31313.79
MinimumVisualStudioVersion = 10.0.40219.1
Project("{FAE04EC0-301F-11D3-BF4B-00C04F79EFBC}") = "Snake - Gra konsolowa", "Snake - Gra konsolowa.csproj", "{93FBDC8D-AE55-4B52-8FE5-817315B750F6}"
EndProject
Global
	GlobalSection(SolutionConfigurationPlatforms) = preSolution
		Debug|Any CPU = Debug|Any CPU
		Release|Any CPU = Release|Any CPU
	EndGlobalSection
	GlobalSection(ProjectConfigurationPlatforms) = postSolution
		{93FBDC8D-AE55-4B52-8FE5-817315B750F6}.Debug|Any CPU.ActiveCfg = Debug|Any CPU
		{93FBDC8D-AE55-4B52-8FE5-817315B750F6}.Debug|Any CPU.Build.0 = Debug|Any CPU
		{93FBDC8D-AE55-4B52-8FE5-817315B750F6}.Release|Any CPU.ActiveCfg = Release|Any CPU
		{93FBDC8D-AE55-4B52-8FE5-817315B750F6}.Release|Any CPU.Build.0 = Release|Any CPU
	EndGlobalSection
	GlobalSection(SolutionProperties) = preSolution
		HideSolutionNode = FALSE
	EndGlobalSection
	GlobalSection(ExtensibilityGlobals) = postSolution
		SolutionGuid = {92DF6244-DED4-4ABE-987E-741435430893}
	EndGlobalSection
EndGlobal
